
Microsoft Visual Studio Solution File, Format Version 12.00
# Visual Studio Version 16
VisualStudioVersion = 16.0.29926.136
MinimumVisualStudioVersion = 10.0.40219.1
Project("{8BC9CEB8-8B4A-11D0-8D11-00A0C91BC942}") = "C++复数类改多文件结构", "C++复数类改多文件结构.vcxproj", "{192E2D8A-5F4B-4695-9522-065CB4F06139}"
EndProject
Global
	GlobalSection(SolutionConfigurationPlatforms) = preSolution
		Debug|x64 = Debug|x64
		Debug|x86 = Debug|x86
		Release|x64 = Release|x64
		Release|x86 = Release|x86
	EndGlobalSection
	GlobalSection(ProjectConfigurationPlatforms) = postSolution
		{192E2D8A-5F4B-4695-9522-065CB4F06139}.Debug|x64.ActiveCfg = Debug|x64
		{192E2D8A-5F4B-4695-9522-065CB4F06139}.Debug|x64.Build.0 = Debug|x64
		{192E2D8A-5F4B-4695-9522-065CB4F06139}.Debug|x86.ActiveCfg = Debug|Win32
		{192E2D8A-5F4B-4695-9522-065CB4F06139}.Debug|x86.Build.0 = Debug|Win32
		{192E2D8A-5F4B-4695-9522-065CB4F06139}.Release|x64.ActiveCfg = Release|x64
		{192E2D8A-5F4B-4695-9522-065CB4F06139}.Release|x64.Build.0 = Release|x64
		{192E2D8A-5F4B-4695-9522-065CB4F06139}.Release|x86.ActiveCfg = Release|Win32
		{192E2D8A-5F4B-4695-9522-065CB4F06139}.Release|x86.Build.0 = Release|Win32
	EndGlobalSection
	GlobalSection(SolutionProperties) = preSolution
		HideSolutionNode = FALSE
	EndGlobalSection
	GlobalSection(ExtensibilityGlobals) = postSolution
		SolutionGuid = {227772C4-5888-4C0A-B823-C78FD5BE8E33}
	EndGlobalSection
EndGlobal
