
Microsoft Visual Studio Solution File, Format Version 12.00
# Visual Studio Version 16
VisualStudioVersion = 16.0.29926.136
MinimumVisualStudioVersion = 10.0.40219.1
Project("{8BC9CEB8-8B4A-11D0-8D11-00A0C91BC942}") = "C++_复数类_重载运算符", "C++_复数类_重载运算符.vcxproj", "{870CC277-9445-4A61-B9E0-3AA776403C6B}"
EndProject
Global
	GlobalSection(SolutionConfigurationPlatforms) = preSolution
		Debug|x64 = Debug|x64
		Debug|x86 = Debug|x86
		Release|x64 = Release|x64
		Release|x86 = Release|x86
	EndGlobalSection
	GlobalSection(ProjectConfigurationPlatforms) = postSolution
		{870CC277-9445-4A61-B9E0-3AA776403C6B}.Debug|x64.ActiveCfg = Debug|x64
		{870CC277-9445-4A61-B9E0-3AA776403C6B}.Debug|x64.Build.0 = Debug|x64
		{870CC277-9445-4A61-B9E0-3AA776403C6B}.Debug|x86.ActiveCfg = Debug|Win32
		{870CC277-9445-4A61-B9E0-3AA776403C6B}.Debug|x86.Build.0 = Debug|Win32
		{870CC277-9445-4A61-B9E0-3AA776403C6B}.Release|x64.ActiveCfg = Release|x64
		{870CC277-9445-4A61-B9E0-3AA776403C6B}.Release|x64.Build.0 = Release|x64
		{870CC277-9445-4A61-B9E0-3AA776403C6B}.Release|x86.ActiveCfg = Release|Win32
		{870CC277-9445-4A61-B9E0-3AA776403C6B}.Release|x86.Build.0 = Release|Win32
	EndGlobalSection
	GlobalSection(SolutionProperties) = preSolution
		HideSolutionNode = FALSE
	EndGlobalSection
	GlobalSection(ExtensibilityGlobals) = postSolution
		SolutionGuid = {73BD1124-BB8E-4891-B26A-A435DE083437}
	EndGlobalSection
EndGlobal
