
Microsoft Visual Studio Solution File, Format Version 12.00
# Visual Studio Version 16
VisualStudioVersion = 16.0.29509.3
MinimumVisualStudioVersion = 10.0.40219.1
Project("{8BC9CEB8-8B4A-11D0-8D11-00A0C91BC942}") = "C++ 构造函数", "C++ 构造函数.vcxproj", "{1FDA937F-CF56-4FBE-B75C-2BF493855D05}"
EndProject
Global
	GlobalSection(SolutionConfigurationPlatforms) = preSolution
		Debug|x64 = Debug|x64
		Debug|x86 = Debug|x86
		Release|x64 = Release|x64
		Release|x86 = Release|x86
	EndGlobalSection
	GlobalSection(ProjectConfigurationPlatforms) = postSolution
		{1FDA937F-CF56-4FBE-B75C-2BF493855D05}.Debug|x64.ActiveCfg = Debug|x64
		{1FDA937F-CF56-4FBE-B75C-2BF493855D05}.Debug|x64.Build.0 = Debug|x64
		{1FDA937F-CF56-4FBE-B75C-2BF493855D05}.Debug|x86.ActiveCfg = Debug|Win32
		{1FDA937F-CF56-4FBE-B75C-2BF493855D05}.Debug|x86.Build.0 = Debug|Win32
		{1FDA937F-CF56-4FBE-B75C-2BF493855D05}.Release|x64.ActiveCfg = Release|x64
		{1FDA937F-CF56-4FBE-B75C-2BF493855D05}.Release|x64.Build.0 = Release|x64
		{1FDA937F-CF56-4FBE-B75C-2BF493855D05}.Release|x86.ActiveCfg = Release|Win32
		{1FDA937F-CF56-4FBE-B75C-2BF493855D05}.Release|x86.Build.0 = Release|Win32
	EndGlobalSection
	GlobalSection(SolutionProperties) = preSolution
		HideSolutionNode = FALSE
	EndGlobalSection
	GlobalSection(ExtensibilityGlobals) = postSolution
		SolutionGuid = {66045239-CFFE-4B8D-A7F5-A162F9BACEFF}
	EndGlobalSection
EndGlobal
