
Microsoft Visual Studio Solution File, Format Version 12.00
# Visual Studio Version 16
VisualStudioVersion = 16.0.29926.136
MinimumVisualStudioVersion = 10.0.40219.1
Project("{8BC9CEB8-8B4A-11D0-8D11-00A0C91BC942}") = "操作系统-1", "操作系统-1.vcxproj", "{05DCE85E-1BA7-4697-ACB2-12B0503D86DD}"
EndProject
Global
	GlobalSection(SolutionConfigurationPlatforms) = preSolution
		Debug|x64 = Debug|x64
		Debug|x86 = Debug|x86
		Release|x64 = Release|x64
		Release|x86 = Release|x86
	EndGlobalSection
	GlobalSection(ProjectConfigurationPlatforms) = postSolution
		{05DCE85E-1BA7-4697-ACB2-12B0503D86DD}.Debug|x64.ActiveCfg = Debug|x64
		{05DCE85E-1BA7-4697-ACB2-12B0503D86DD}.Debug|x64.Build.0 = Debug|x64
		{05DCE85E-1BA7-4697-ACB2-12B0503D86DD}.Debug|x86.ActiveCfg = Debug|Win32
		{05DCE85E-1BA7-4697-ACB2-12B0503D86DD}.Debug|x86.Build.0 = Debug|Win32
		{05DCE85E-1BA7-4697-ACB2-12B0503D86DD}.Release|x64.ActiveCfg = Release|x64
		{05DCE85E-1BA7-4697-ACB2-12B0503D86DD}.Release|x64.Build.0 = Release|x64
		{05DCE85E-1BA7-4697-ACB2-12B0503D86DD}.Release|x86.ActiveCfg = Release|Win32
		{05DCE85E-1BA7-4697-ACB2-12B0503D86DD}.Release|x86.Build.0 = Release|Win32
	EndGlobalSection
	GlobalSection(SolutionProperties) = preSolution
		HideSolutionNode = FALSE
	EndGlobalSection
	GlobalSection(ExtensibilityGlobals) = postSolution
		SolutionGuid = {38DD9C92-E61C-4B4F-A99C-D4677A4C9ECA}
	EndGlobalSection
EndGlobal
