
Microsoft Visual Studio Solution File, Format Version 12.00
# Visual Studio Version 16
VisualStudioVersion = 16.0.29926.136
MinimumVisualStudioVersion = 10.0.40219.1
Project("{8BC9CEB8-8B4A-11D0-8D11-00A0C91BC942}") = "C++习题5.6输出1000以内素数", "C++习题5.6输出1000以内素数.vcxproj", "{34BBDB34-3B37-443B-BDB3-783C4542455E}"
EndProject
Global
	GlobalSection(SolutionConfigurationPlatforms) = preSolution
		Debug|x64 = Debug|x64
		Debug|x86 = Debug|x86
		Release|x64 = Release|x64
		Release|x86 = Release|x86
	EndGlobalSection
	GlobalSection(ProjectConfigurationPlatforms) = postSolution
		{34BBDB34-3B37-443B-BDB3-783C4542455E}.Debug|x64.ActiveCfg = Debug|x64
		{34BBDB34-3B37-443B-BDB3-783C4542455E}.Debug|x64.Build.0 = Debug|x64
		{34BBDB34-3B37-443B-BDB3-783C4542455E}.Debug|x86.ActiveCfg = Debug|Win32
		{34BBDB34-3B37-443B-BDB3-783C4542455E}.Debug|x86.Build.0 = Debug|Win32
		{34BBDB34-3B37-443B-BDB3-783C4542455E}.Release|x64.ActiveCfg = Release|x64
		{34BBDB34-3B37-443B-BDB3-783C4542455E}.Release|x64.Build.0 = Release|x64
		{34BBDB34-3B37-443B-BDB3-783C4542455E}.Release|x86.ActiveCfg = Release|Win32
		{34BBDB34-3B37-443B-BDB3-783C4542455E}.Release|x86.Build.0 = Release|Win32
	EndGlobalSection
	GlobalSection(SolutionProperties) = preSolution
		HideSolutionNode = FALSE
	EndGlobalSection
	GlobalSection(ExtensibilityGlobals) = postSolution
		SolutionGuid = {188B734D-5E04-4D08-A60E-ADF5A5D2735C}
	EndGlobalSection
EndGlobal
